
Microsoft Visual Studio Solution File, Format Version 12.00
# Visual Studio Version 16
VisualStudioVersion = 16.0.30104.148
MinimumVisualStudioVersion = 10.0.40219.1
Project("{9A19103F-16F7-4668-BE54-9A1E7A4F7556}") = "Trl.TermDataRepresentation", "Trl.TermDataRepresentation\Trl.TermDataRepresentation.csproj", "{ED8C0239-9F15-43F5-8600-0CC8C802DBDD}"
EndProject
Project("{9A19103F-16F7-4668-BE54-9A1E7A4F7556}") = "Trl.TermDataRepresentation.Tests", "Trl.TermDataRepresentation.Tests\Trl.TermDataRepresentation.Tests.csproj", "{DBA3ACE4-5AB0-4D7A-8BDC-A5A1987EA3F3}"
EndProject
Project("{9A19103F-16F7-4668-BE54-9A1E7A4F7556}") = "Trl.SampleApp", "Trl.SampleApp\Trl.SampleApp.csproj", "{8FE49ADA-D35C-4B42-B038-9769BAEE6F71}"
EndProject
Global
	GlobalSection(SolutionConfigurationPlatforms) = preSolution
		Debug|Any CPU = Debug|Any CPU
		Release|Any CPU = Release|Any CPU
	EndGlobalSection
	GlobalSection(ProjectConfigurationPlatforms) = postSolution
		{ED8C0239-9F15-43F5-8600-0CC8C802DBDD}.Debug|Any CPU.ActiveCfg = Debug|Any CPU
		{ED8C0239-9F15-43F5-8600-0CC8C802DBDD}.Debug|Any CPU.Build.0 = Debug|Any CPU
		{ED8C0239-9F15-43F5-8600-0CC8C802DBDD}.Release|Any CPU.ActiveCfg = Release|Any CPU
		{ED8C0239-9F15-43F5-8600-0CC8C802DBDD}.Release|Any CPU.Build.0 = Release|Any CPU
		{DBA3ACE4-5AB0-4D7A-8BDC-A5A1987EA3F3}.Debug|Any CPU.ActiveCfg = Debug|Any CPU
		{DBA3ACE4-5AB0-4D7A-8BDC-A5A1987EA3F3}.Debug|Any CPU.Build.0 = Debug|Any CPU
		{DBA3ACE4-5AB0-4D7A-8BDC-A5A1987EA3F3}.Release|Any CPU.ActiveCfg = Release|Any CPU
		{DBA3ACE4-5AB0-4D7A-8BDC-A5A1987EA3F3}.Release|Any CPU.Build.0 = Release|Any CPU
		{8FE49ADA-D35C-4B42-B038-9769BAEE6F71}.Debug|Any CPU.ActiveCfg = Debug|Any CPU
		{8FE49ADA-D35C-4B42-B038-9769BAEE6F71}.Debug|Any CPU.Build.0 = Debug|Any CPU
		{8FE49ADA-D35C-4B42-B038-9769BAEE6F71}.Release|Any CPU.ActiveCfg = Release|Any CPU
		{8FE49ADA-D35C-4B42-B038-9769BAEE6F71}.Release|Any CPU.Build.0 = Release|Any CPU
	EndGlobalSection
	GlobalSection(SolutionProperties) = preSolution
		HideSolutionNode = FALSE
	EndGlobalSection
	GlobalSection(ExtensibilityGlobals) = postSolution
		SolutionGuid = {AE830977-7DE5-4672-87BC-022F3E6E685A}
	EndGlobalSection
EndGlobal
